{
  "name": "belajarangular",
  "version": "1.0.0",
  "lockfileVersion": 1,
  "requires": true,
  "dependencies": {
    "angular": {
      "version": "1.7.2",
      "resolved": "https://registry.npmjs.org/angular/-/angular-1.7.2.tgz",
      "integrity": "sha512-JcKKJbBdybUsmQ6x1M3xWyTYQ/ioVKJhSByEAjqrhmlOfvMFdhfMqAx5KIo8rLGk4DFolYPcCSgssjgTVjCtRQ=="
    },
    "angular-selector": {
      "version": "1.6.1",
      "resolved": "https://registry.npmjs.org/angular-selector/-/angular-selector-1.6.1.tgz",
      "integrity": "sha512-6guIqPK1bfXGBQexuArxco9571bcjl+8voFHj4A/mdxEo3Ys8anPQnG3puU9jycUc3NNXOyN2ecDqwWww05gTQ==",
      "requires": {
        "angular": "~1.4.4"
      },
      "dependencies": {
        "angular": {
          "version": "1.4.14",
          "resolved": "https://registry.npmjs.org/angular/-/angular-1.4.14.tgz",
          "integrity": "sha1-nQ/q9gzm5SzlD0nuMoZW0eGHXDc="
        }
      }
    }
  }
}
